// !$*UTF8*$!
{
	archiveVersion = 1;
	classes = {
	};
	objectVersion = 56;
	objects = {

/* Begin PBXBuildFile section */
		3E58A22E2BD0EFC0002E1610 /* CheckProfileVC.swift in Sources */ = {isa = PBXBuildFile; fileRef = 3E58A22D2BD0EFC0002E1610 /* CheckProfileVC.swift */; };
		3E7AAD832BD12BBC0024262C /* LeagalApp.mlmodel in Sources */ = {isa = PBXBuildFile; fileRef = 3E7AAD822BD12BBC0024262C /* LeagalApp.mlmodel */; };
		8033E35A2BC96DC300C50362 /* SplitViewControllerUtility.swift in Sources */ = {isa = PBXBuildFile; fileRef = 8033E3592BC96DC300C50362 /* SplitViewControllerUtility.swift */; };
		8033E35E2BC9715B00C50362 /* SplashVC.swift in Sources */ = {isa = PBXBuildFile; fileRef = 8033E35D2BC9715B00C50362 /* SplashVC.swift */; };
		8033E3652BC987EE00C50362 /* PartyDetail.swift in Sources */ = {isa = PBXBuildFile; fileRef = 8033E3642BC987EE00C50362 /* PartyDetail.swift */; };
		8033E3672BC9BB1500C50362 /* PartyTableViewCell.swift in Sources */ = {isa = PBXBuildFile; fileRef = 8033E3662BC9BB1500C50362 /* PartyTableViewCell.swift */; };
		8033E3692BC9C3DB00C50362 /* MatterDetailVC.swift in Sources */ = {isa = PBXBuildFile; fileRef = 8033E3682BC9C3DB00C50362 /* MatterDetailVC.swift */; };
		805D17D82BBEE3C9008BD46A /* PartyVC.swift in Sources */ = {isa = PBXBuildFile; fileRef = 805D17D72BBEE3C9008BD46A /* PartyVC.swift */; };
		805D17DC2BBEE3F1008BD46A /* ReportVC.swift in Sources */ = {isa = PBXBuildFile; fileRef = 805D17DB2BBEE3F1008BD46A /* ReportVC.swift */; };
		805D17DE2BBEE5E1008BD46A /* CustomTableViewCell.swift in Sources */ = {isa = PBXBuildFile; fileRef = 805D17DD2BBEE5E1008BD46A /* CustomTableViewCell.swift */; };
		805D17E02BBEE77B008BD46A /* PartyDetailVC.swift in Sources */ = {isa = PBXBuildFile; fileRef = 805D17DF2BBEE77B008BD46A /* PartyDetailVC.swift */; };
		805D17E22BBEEE42008BD46A /* CreateMatterVC.swift in Sources */ = {isa = PBXBuildFile; fileRef = 805D17E12BBEEE42008BD46A /* CreateMatterVC.swift */; };
		805D17E42BBEEF6F008BD46A /* MatterListVC.swift in Sources */ = {isa = PBXBuildFile; fileRef = 805D17E32BBEEF6F008BD46A /* MatterListVC.swift */; };
		805D17EC2BBF26F0008BD46A /* LoginVC.swift in Sources */ = {isa = PBXBuildFile; fileRef = 805D17E92BBF26F0008BD46A /* LoginVC.swift */; };
		805D17ED2BBF26F0008BD46A /* SignUpVC.swift in Sources */ = {isa = PBXBuildFile; fileRef = 805D17EA2BBF26F0008BD46A /* SignUpVC.swift */; };
		805D17EE2BBF26F0008BD46A /* ForgotPasswordVC.swift in Sources */ = {isa = PBXBuildFile; fileRef = 805D17EB2BBF26F0008BD46A /* ForgotPasswordVC.swift */; };
		805D17F42BBF2729008BD46A /* FireStoreManager.swift in Sources */ = {isa = PBXBuildFile; fileRef = 805D17F02BBF2729008BD46A /* FireStoreManager.swift */; };
		805D17F52BBF2729008BD46A /* ForgetPasswordManager.swift in Sources */ = {isa = PBXBuildFile; fileRef = 805D17F12BBF2729008BD46A /* ForgetPasswordManager.swift */; };
		805D17F62BBF2729008BD46A /* UserDefaultsManager.swift in Sources */ = {isa = PBXBuildFile; fileRef = 805D17F22BBF2729008BD46A /* UserDefaultsManager.swift */; };
		805D17FB2BBF273E008BD46A /* CaseDetail.swift in Sources */ = {isa = PBXBuildFile; fileRef = 805D17F72BBF273E008BD46A /* CaseDetail.swift */; };
		805D17FD2BBF273E008BD46A /* UserModel.swift in Sources */ = {isa = PBXBuildFile; fileRef = 805D17F92BBF273E008BD46A /* UserModel.swift */; };
		805D18032BBF2756008BD46A /* ButtonExtension.swift in Sources */ = {isa = PBXBuildFile; fileRef = 805D17FE2BBF2756008BD46A /* ButtonExtension.swift */; };
		805D18042BBF2756008BD46A /* ButtonWithShadow.swift in Sources */ = {isa = PBXBuildFile; fileRef = 805D17FF2BBF2756008BD46A /* ButtonWithShadow.swift */; };
		805D18052BBF2756008BD46A /* DesignableView.swift in Sources */ = {isa = PBXBuildFile; fileRef = 805D18002BBF2756008BD46A /* DesignableView.swift */; };
		805D18062BBF2756008BD46A /* Extensions.swift in Sources */ = {isa = PBXBuildFile; fileRef = 805D18012BBF2756008BD46A /* Extensions.swift */; };
		805D18182BBF277C008BD46A /* CLLocationCoordinate2D.swift in Sources */ = {isa = PBXBuildFile; fileRef = 805D18072BBF277C008BD46A /* CLLocationCoordinate2D.swift */; };
		805D18192BBF277C008BD46A /* CLPlacemark.swift in Sources */ = {isa = PBXBuildFile; fileRef = 805D18082BBF277C008BD46A /* CLPlacemark.swift */; };
		805D181A2BBF277C008BD46A /* MKMapView.swift in Sources */ = {isa = PBXBuildFile; fileRef = 805D18092BBF277C008BD46A /* MKMapView.swift */; };
		805D181B2BBF277C008BD46A /* BottomSheetView.swift in Sources */ = {isa = PBXBuildFile; fileRef = 805D180B2BBF277C008BD46A /* BottomSheetView.swift */; };
		805D181C2BBF277C008BD46A /* MapItemTableViewCell.swift in Sources */ = {isa = PBXBuildFile; fileRef = 805D180C2BBF277C008BD46A /* MapItemTableViewCell.swift */; };
		805D181D2BBF277C008BD46A /* MapItemTableViewCell.xib in Resources */ = {isa = PBXBuildFile; fileRef = 805D180D2BBF277C008BD46A /* MapItemTableViewCell.xib */; };
		805D181E2BBF277C008BD46A /* MapTabsView.swift in Sources */ = {isa = PBXBuildFile; fileRef = 805D180E2BBF277C008BD46A /* MapTabsView.swift */; };
		805D181F2BBF277C008BD46A /* SearchCompletionTableViewCell.swift in Sources */ = {isa = PBXBuildFile; fileRef = 805D180F2BBF277C008BD46A /* SearchCompletionTableViewCell.swift */; };
		805D18202BBF277C008BD46A /* SearchCompletionTableViewCell.xib in Resources */ = {isa = PBXBuildFile; fileRef = 805D18102BBF277C008BD46A /* SearchCompletionTableViewCell.xib */; };
		805D18212BBF277C008BD46A /* Material.xcassets in Resources */ = {isa = PBXBuildFile; fileRef = 805D18122BBF277C008BD46A /* Material.xcassets */; };
		805D18222BBF277C008BD46A /* MapKitSearchViewController.swift in Sources */ = {isa = PBXBuildFile; fileRef = 805D18142BBF277C008BD46A /* MapKitSearchViewController.swift */; };
		805D18232BBF277C008BD46A /* MapKitSearchViewController.xib in Resources */ = {isa = PBXBuildFile; fileRef = 805D18152BBF277C008BD46A /* MapKitSearchViewController.xib */; };
		805D18372BC00B68008BD46A /* GoogleService-Info.plist in Resources */ = {isa = PBXBuildFile; fileRef = 805D18362BC00B68008BD46A /* GoogleService-Info.plist */; };
		805D18392BC0149E008BD46A /* UIViewControllerExt.swift in Sources */ = {isa = PBXBuildFile; fileRef = 805D18382BC0149E008BD46A /* UIViewControllerExt.swift */; };
		805D183B2BC015E5008BD46A /* GlobalPicker.swift in Sources */ = {isa = PBXBuildFile; fileRef = 805D183A2BC015E4008BD46A /* GlobalPicker.swift */; };
		805D183D2BC02B13008BD46A /* Color.swift in Sources */ = {isa = PBXBuildFile; fileRef = 805D183C2BC02B13008BD46A /* Color.swift */; };
		80ACBA262BBDD70800B8F54B /* AppDelegate.swift in Sources */ = {isa = PBXBuildFile; fileRef = 80ACBA252BBDD70800B8F54B /* AppDelegate.swift */; };
		80ACBA282BBDD70800B8F54B /* SceneDelegate.swift in Sources */ = {isa = PBXBuildFile; fileRef = 80ACBA272BBDD70800B8F54B /* SceneDelegate.swift */; };
		80ACBA2D2BBDD70800B8F54B /* Base in Resources */ = {isa = PBXBuildFile; fileRef = 80ACBA2C2BBDD70800B8F54B /* Base */; };
		80ACBA2F2BBDD70900B8F54B /* Assets.xcassets in Resources */ = {isa = PBXBuildFile; fileRef = 80ACBA2E2BBDD70900B8F54B /* Assets.xcassets */; };
		80ACBA322BBDD70900B8F54B /* Base in Resources */ = {isa = PBXBuildFile; fileRef = 80ACBA312BBDD70900B8F54B /* Base */; };
		80ACBA402BBED5B800B8F54B /* SettingVC.swift in Sources */ = {isa = PBXBuildFile; fileRef = 80ACBA3F2BBED5B800B8F54B /* SettingVC.swift */; };
		80ACBA422BBED62600B8F54B /* ProfileScoreVC.swift in Sources */ = {isa = PBXBuildFile; fileRef = 80ACBA412BBED62600B8F54B /* ProfileScoreVC.swift */; };
		BA56C53E2BD2F807004EC61F /* Eureka in Frameworks */ = {isa = PBXBuildFile; productRef = BA56C53D2BD2F807004EC61F /* Eureka */; };
		BA56C5442BD2F8BF004EC61F /* DGCharts in Frameworks */ = {isa = PBXBuildFile; productRef = BA56C5432BD2F8BF004EC61F /* DGCharts */; };
		BA56C5462BD2F8BF004EC61F /* DGChartsDynamic in Frameworks */ = {isa = PBXBuildFile; productRef = BA56C5452BD2F8BF004EC61F /* DGChartsDynamic */; };
		ECB5A3722BD33568004FA99A /* FirebaseAnalytics in Frameworks */ = {isa = PBXBuildFile; productRef = ECB5A3712BD33568004FA99A /* FirebaseAnalytics */; };
		ECB5A3742BD33568004FA99A /* FirebaseAnalyticsOnDeviceConversion in Frameworks */ = {isa = PBXBuildFile; productRef = ECB5A3732BD33568004FA99A /* FirebaseAnalyticsOnDeviceConversion */; };
		ECB5A3762BD33568004FA99A /* FirebaseAnalyticsSwift in Frameworks */ = {isa = PBXBuildFile; productRef = ECB5A3752BD33568004FA99A /* FirebaseAnalyticsSwift */; };
		ECB5A3782BD33568004FA99A /* FirebaseAnalyticsWithoutAdIdSupport in Frameworks */ = {isa = PBXBuildFile; productRef = ECB5A3772BD33568004FA99A /* FirebaseAnalyticsWithoutAdIdSupport */; };
		ECB5A37A2BD33568004FA99A /* FirebaseAppCheck in Frameworks */ = {isa = PBXBuildFile; productRef = ECB5A3792BD33568004FA99A /* FirebaseAppCheck */; };
		ECB5A37C2BD33568004FA99A /* FirebaseAppDistribution-Beta in Frameworks */ = {isa = PBXBuildFile; productRef = ECB5A37B2BD33568004FA99A /* FirebaseAppDistribution-Beta */; };
		ECB5A37E2BD33568004FA99A /* FirebaseAuth in Frameworks */ = {isa = PBXBuildFile; productRef = ECB5A37D2BD33568004FA99A /* FirebaseAuth */; };
		ECB5A3802BD33568004FA99A /* FirebaseAuthCombine-Community in Frameworks */ = {isa = PBXBuildFile; productRef = ECB5A37F2BD33568004FA99A /* FirebaseAuthCombine-Community */; };
		ECB5A3822BD33568004FA99A /* FirebaseCrashlytics in Frameworks */ = {isa = PBXBuildFile; productRef = ECB5A3812BD33568004FA99A /* FirebaseCrashlytics */; };
		ECB5A3842BD33568004FA99A /* FirebaseDatabase in Frameworks */ = {isa = PBXBuildFile; productRef = ECB5A3832BD33568004FA99A /* FirebaseDatabase */; };
		ECB5A3862BD33568004FA99A /* FirebaseDatabaseSwift in Frameworks */ = {isa = PBXBuildFile; productRef = ECB5A3852BD33568004FA99A /* FirebaseDatabaseSwift */; };
		ECB5A3882BD33568004FA99A /* FirebaseDynamicLinks in Frameworks */ = {isa = PBXBuildFile; productRef = ECB5A3872BD33568004FA99A /* FirebaseDynamicLinks */; };
		ECB5A38A2BD33568004FA99A /* FirebaseFirestore in Frameworks */ = {isa = PBXBuildFile; productRef = ECB5A3892BD33568004FA99A /* FirebaseFirestore */; };
		ECB5A38C2BD33568004FA99A /* FirebaseFirestoreCombine-Community in Frameworks */ = {isa = PBXBuildFile; productRef = ECB5A38B2BD33568004FA99A /* FirebaseFirestoreCombine-Community */; };
		ECB5A38E2BD33568004FA99A /* FirebaseFirestoreSwift in Frameworks */ = {isa = PBXBuildFile; productRef = ECB5A38D2BD33568004FA99A /* FirebaseFirestoreSwift */; };
		ECB5A3902BD33568004FA99A /* FirebaseFunctions in Frameworks */ = {isa = PBXBuildFile; productRef = ECB5A38F2BD33568004FA99A /* FirebaseFunctions */; };
		ECB5A3922BD33568004FA99A /* FirebaseFunctionsCombine-Community in Frameworks */ = {isa = PBXBuildFile; productRef = ECB5A3912BD33568004FA99A /* FirebaseFunctionsCombine-Community */; };
		ECB5A3942BD33568004FA99A /* FirebaseInAppMessaging-Beta in Frameworks */ = {isa = PBXBuildFile; productRef = ECB5A3932BD33568004FA99A /* FirebaseInAppMessaging-Beta */; };
		ECB5A3962BD33568004FA99A /* FirebaseInAppMessagingSwift-Beta in Frameworks */ = {isa = PBXBuildFile; productRef = ECB5A3952BD33568004FA99A /* FirebaseInAppMessagingSwift-Beta */; };
		ECB5A3982BD33568004FA99A /* FirebaseInstallations in Frameworks */ = {isa = PBXBuildFile; productRef = ECB5A3972BD33568004FA99A /* FirebaseInstallations */; };
		ECB5A39A2BD33568004FA99A /* FirebaseMLModelDownloader in Frameworks */ = {isa = PBXBuildFile; productRef = ECB5A3992BD33568004FA99A /* FirebaseMLModelDownloader */; };
		ECB5A39C2BD33568004FA99A /* FirebaseMessaging in Frameworks */ = {isa = PBXBuildFile; productRef = ECB5A39B2BD33568004FA99A /* FirebaseMessaging */; };
		ECB5A39E2BD33568004FA99A /* FirebasePerformance in Frameworks */ = {isa = PBXBuildFile; productRef = ECB5A39D2BD33568004FA99A /* FirebasePerformance */; };
		ECB5A3A02BD33568004FA99A /* FirebaseRemoteConfig in Frameworks */ = {isa = PBXBuildFile; productRef = ECB5A39F2BD33568004FA99A /* FirebaseRemoteConfig */; };
		ECB5A3A22BD33568004FA99A /* FirebaseRemoteConfigSwift in Frameworks */ = {isa = PBXBuildFile; productRef = ECB5A3A12BD33568004FA99A /* FirebaseRemoteConfigSwift */; };
		ECB5A3A42BD33568004FA99A /* FirebaseStorage in Frameworks */ = {isa = PBXBuildFile; productRef = ECB5A3A32BD33568004FA99A /* FirebaseStorage */; };
		ECB5A3A62BD33568004FA99A /* FirebaseStorageCombine-Community in Frameworks */ = {isa = PBXBuildFile; productRef = ECB5A3A52BD33568004FA99A /* FirebaseStorageCombine-Community */; };
		ECB5A3A92BD335F4004FA99A /* Lottie in Frameworks */ = {isa = PBXBuildFile; productRef = ECB5A3A82BD335F4004FA99A /* Lottie */; };
/* End PBXBuildFile section */

/* Begin PBXFileReference section */
		3E58A22D2BD0EFC0002E1610 /* CheckProfileVC.swift */ = {isa = PBXFileReference; lastKnownFileType = sourcecode.swift; path = CheckProfileVC.swift; sourceTree = "<group>"; };
		3E7AAD822BD12BBC0024262C /* LeagalApp.mlmodel */ = {isa = PBXFileReference; lastKnownFileType = file.mlmodel; path = LeagalApp.mlmodel; sourceTree = "<group>"; };
		8033E3592BC96DC300C50362 /* SplitViewControllerUtility.swift */ = {isa = PBXFileReference; lastKnownFileType = sourcecode.swift; path = SplitViewControllerUtility.swift; sourceTree = "<group>"; };
		8033E35D2BC9715B00C50362 /* SplashVC.swift */ = {isa = PBXFileReference; lastKnownFileType = sourcecode.swift; path = SplashVC.swift; sourceTree = "<group>"; };
		8033E3642BC987EE00C50362 /* PartyDetail.swift */ = {isa = PBXFileReference; lastKnownFileType = sourcecode.swift; path = PartyDetail.swift; sourceTree = "<group>"; };
		8033E3662BC9BB1500C50362 /* PartyTableViewCell.swift */ = {isa = PBXFileReference; lastKnownFileType = sourcecode.swift; path = PartyTableViewCell.swift; sourceTree = "<group>"; };
		8033E3682BC9C3DB00C50362 /* MatterDetailVC.swift */ = {isa = PBXFileReference; lastKnownFileType = sourcecode.swift; path = MatterDetailVC.swift; sourceTree = "<group>"; };
		805D17D72BBEE3C9008BD46A /* PartyVC.swift */ = {isa = PBXFileReference; lastKnownFileType = sourcecode.swift; path = PartyVC.swift; sourceTree = "<group>"; };
		805D17DB2BBEE3F1008BD46A /* ReportVC.swift */ = {isa = PBXFileReference; lastKnownFileType = sourcecode.swift; path = ReportVC.swift; sourceTree = "<group>"; };
		805D17DD2BBEE5E1008BD46A /* CustomTableViewCell.swift */ = {isa = PBXFileReference; lastKnownFileType = sourcecode.swift; path = CustomTableViewCell.swift; sourceTree = "<group>"; };
		805D17DF2BBEE77B008BD46A /* PartyDetailVC.swift */ = {isa = PBXFileReference; lastKnownFileType = sourcecode.swift; path = PartyDetailVC.swift; sourceTree = "<group>"; };
		805D17E12BBEEE42008BD46A /* CreateMatterVC.swift */ = {isa = PBXFileReference; lastKnownFileType = sourcecode.swift; path = CreateMatterVC.swift; sourceTree = "<group>"; };
		805D17E32BBEEF6F008BD46A /* MatterListVC.swift */ = {isa = PBXFileReference; lastKnownFileType = sourcecode.swift; path = MatterListVC.swift; sourceTree = "<group>"; };
		805D17E92BBF26F0008BD46A /* LoginVC.swift */ = {isa = PBXFileReference; fileEncoding = 4; lastKnownFileType = sourcecode.swift; path = LoginVC.swift; sourceTree = "<group>"; };
		805D17EA2BBF26F0008BD46A /* SignUpVC.swift */ = {isa = PBXFileReference; fileEncoding = 4; lastKnownFileType = sourcecode.swift; path = SignUpVC.swift; sourceTree = "<group>"; };
		805D17EB2BBF26F0008BD46A /* ForgotPasswordVC.swift */ = {isa = PBXFileReference; fileEncoding = 4; lastKnownFileType = sourcecode.swift; path = ForgotPasswordVC.swift; sourceTree = "<group>"; };
		805D17F02BBF2729008BD46A /* FireStoreManager.swift */ = {isa = PBXFileReference; fileEncoding = 4; lastKnownFileType = sourcecode.swift; path = FireStoreManager.swift; sourceTree = "<group>"; };
		805D17F12BBF2729008BD46A /* ForgetPasswordManager.swift */ = {isa = PBXFileReference; fileEncoding = 4; lastKnownFileType = sourcecode.swift; path = ForgetPasswordManager.swift; sourceTree = "<group>"; };
		805D17F22BBF2729008BD46A /* UserDefaultsManager.swift */ = {isa = PBXFileReference; fileEncoding = 4; lastKnownFileType = sourcecode.swift; path = UserDefaultsManager.swift; sourceTree = "<group>"; };
		805D17F72BBF273E008BD46A /* CaseDetail.swift */ = {isa = PBXFileReference; fileEncoding = 4; lastKnownFileType = sourcecode.swift; path = CaseDetail.swift; sourceTree = "<group>"; };
		805D17F92BBF273E008BD46A /* UserModel.swift */ = {isa = PBXFileReference; fileEncoding = 4; lastKnownFileType = sourcecode.swift; path = UserModel.swift; sourceTree = "<group>"; };
		805D17FE2BBF2756008BD46A /* ButtonExtension.swift */ = {isa = PBXFileReference; fileEncoding = 4; lastKnownFileType = sourcecode.swift; path = ButtonExtension.swift; sourceTree = "<group>"; };
		805D17FF2BBF2756008BD46A /* ButtonWithShadow.swift */ = {isa = PBXFileReference; fileEncoding = 4; lastKnownFileType = sourcecode.swift; path = ButtonWithShadow.swift; sourceTree = "<group>"; };
		805D18002BBF2756008BD46A /* DesignableView.swift */ = {isa = PBXFileReference; fileEncoding = 4; lastKnownFileType = sourcecode.swift; path = DesignableView.swift; sourceTree = "<group>"; };
		805D18012BBF2756008BD46A /* Extensions.swift */ = {isa = PBXFileReference; fileEncoding = 4; lastKnownFileType = sourcecode.swift; path = Extensions.swift; sourceTree = "<group>"; };
		805D18072BBF277C008BD46A /* CLLocationCoordinate2D.swift */ = {isa = PBXFileReference; fileEncoding = 4; lastKnownFileType = sourcecode.swift; path = CLLocationCoordinate2D.swift; sourceTree = "<group>"; };
		805D18082BBF277C008BD46A /* CLPlacemark.swift */ = {isa = PBXFileReference; fileEncoding = 4; lastKnownFileType = sourcecode.swift; path = CLPlacemark.swift; sourceTree = "<group>"; };
		805D18092BBF277C008BD46A /* MKMapView.swift */ = {isa = PBXFileReference; fileEncoding = 4; lastKnownFileType = sourcecode.swift; path = MKMapView.swift; sourceTree = "<group>"; };
		805D180B2BBF277C008BD46A /* BottomSheetView.swift */ = {isa = PBXFileReference; fileEncoding = 4; lastKnownFileType = sourcecode.swift; path = BottomSheetView.swift; sourceTree = "<group>"; };
		805D180C2BBF277C008BD46A /* MapItemTableViewCell.swift */ = {isa = PBXFileReference; fileEncoding = 4; lastKnownFileType = sourcecode.swift; path = MapItemTableViewCell.swift; sourceTree = "<group>"; };
		805D180D2BBF277C008BD46A /* MapItemTableViewCell.xib */ = {isa = PBXFileReference; fileEncoding = 4; lastKnownFileType = file.xib; path = MapItemTableViewCell.xib; sourceTree = "<group>"; };
		805D180E2BBF277C008BD46A /* MapTabsView.swift */ = {isa = PBXFileReference; fileEncoding = 4; lastKnownFileType = sourcecode.swift; path = MapTabsView.swift; sourceTree = "<group>"; };
		805D180F2BBF277C008BD46A /* SearchCompletionTableViewCell.swift */ = {isa = PBXFileReference; fileEncoding = 4; lastKnownFileType = sourcecode.swift; path = SearchCompletionTableViewCell.swift; sourceTree = "<group>"; };
		805D18102BBF277C008BD46A /* SearchCompletionTableViewCell.xib */ = {isa = PBXFileReference; fileEncoding = 4; lastKnownFileType = file.xib; path = SearchCompletionTableViewCell.xib; sourceTree = "<group>"; };
		805D18122BBF277C008BD46A /* Material.xcassets */ = {isa = PBXFileReference; lastKnownFileType = folder.assetcatalog; path = Material.xcassets; sourceTree = "<group>"; };
		805D18142BBF277C008BD46A /* MapKitSearchViewController.swift */ = {isa = PBXFileReference; fileEncoding = 4; lastKnownFileType = sourcecode.swift; path = MapKitSearchViewController.swift; sourceTree = "<group>"; };
		805D18152BBF277C008BD46A /* MapKitSearchViewController.xib */ = {isa = PBXFileReference; fileEncoding = 4; lastKnownFileType = file.xib; path = MapKitSearchViewController.xib; sourceTree = "<group>"; };
		805D18362BC00B68008BD46A /* GoogleService-Info.plist */ = {isa = PBXFileReference; fileEncoding = 4; lastKnownFileType = text.plist.xml; path = "GoogleService-Info.plist"; sourceTree = "<group>"; };
		805D18382BC0149E008BD46A /* UIViewControllerExt.swift */ = {isa = PBXFileReference; fileEncoding = 4; lastKnownFileType = sourcecode.swift; path = UIViewControllerExt.swift; sourceTree = "<group>"; };
		805D183A2BC015E4008BD46A /* GlobalPicker.swift */ = {isa = PBXFileReference; fileEncoding = 4; lastKnownFileType = sourcecode.swift; path = GlobalPicker.swift; sourceTree = "<group>"; };
		805D183C2BC02B13008BD46A /* Color.swift */ = {isa = PBXFileReference; fileEncoding = 4; lastKnownFileType = sourcecode.swift; path = Color.swift; sourceTree = "<group>"; };
		80ACBA222BBDD70800B8F54B /* LMCS.app */ = {isa = PBXFileReference; explicitFileType = wrapper.application; includeInIndex = 0; path = LMCS.app; sourceTree = BUILT_PRODUCTS_DIR; };
		80ACBA252BBDD70800B8F54B /* AppDelegate.swift */ = {isa = PBXFileReference; lastKnownFileType = sourcecode.swift; path = AppDelegate.swift; sourceTree = "<group>"; };
		80ACBA272BBDD70800B8F54B /* SceneDelegate.swift */ = {isa = PBXFileReference; lastKnownFileType = sourcecode.swift; path = SceneDelegate.swift; sourceTree = "<group>"; };
		80ACBA2C2BBDD70800B8F54B /* Base */ = {isa = PBXFileReference; lastKnownFileType = file.storyboard; name = Base; path = Base.lproj/Main.storyboard; sourceTree = "<group>"; };
		80ACBA2E2BBDD70900B8F54B /* Assets.xcassets */ = {isa = PBXFileReference; lastKnownFileType = folder.assetcatalog; path = Assets.xcassets; sourceTree = "<group>"; };
		80ACBA312BBDD70900B8F54B /* Base */ = {isa = PBXFileReference; lastKnownFileType = file.storyboard; name = Base; path = Base.lproj/LaunchScreen.storyboard; sourceTree = "<group>"; };
		80ACBA332BBDD70900B8F54B /* Info.plist */ = {isa = PBXFileReference; lastKnownFileType = text.plist.xml; path = Info.plist; sourceTree = "<group>"; };
		80ACBA3F2BBED5B800B8F54B /* SettingVC.swift */ = {isa = PBXFileReference; lastKnownFileType = sourcecode.swift; path = SettingVC.swift; sourceTree = "<group>"; };
		80ACBA412BBED62600B8F54B /* ProfileScoreVC.swift */ = {isa = PBXFileReference; lastKnownFileType = sourcecode.swift; path = ProfileScoreVC.swift; sourceTree = "<group>"; };
/* End PBXFileReference section */

/* Begin PBXFrameworksBuildPhase section */
		80ACBA1F2BBDD70800B8F54B /* Frameworks */ = {
			isa = PBXFrameworksBuildPhase;
			buildActionMask = 2147483647;
			files = (
				ECB5A3862BD33568004FA99A /* FirebaseDatabaseSwift in Frameworks */,
				ECB5A39E2BD33568004FA99A /* FirebasePerformance in Frameworks */,
				ECB5A3A02BD33568004FA99A /* FirebaseRemoteConfig in Frameworks */,
				ECB5A3742BD33568004FA99A /* FirebaseAnalyticsOnDeviceConversion in Frameworks */,
				ECB5A3982BD33568004FA99A /* FirebaseInstallations in Frameworks */,
				ECB5A38C2BD33568004FA99A /* FirebaseFirestoreCombine-Community in Frameworks */,
				ECB5A3962BD33568004FA99A /* FirebaseInAppMessagingSwift-Beta in Frameworks */,
				BA56C5462BD2F8BF004EC61F /* DGChartsDynamic in Frameworks */,
				ECB5A39A2BD33568004FA99A /* FirebaseMLModelDownloader in Frameworks */,
				ECB5A39C2BD33568004FA99A /* FirebaseMessaging in Frameworks */,
				ECB5A38E2BD33568004FA99A /* FirebaseFirestoreSwift in Frameworks */,
				ECB5A3A92BD335F4004FA99A /* Lottie in Frameworks */,
				ECB5A38A2BD33568004FA99A /* FirebaseFirestore in Frameworks */,
				ECB5A3902BD33568004FA99A /* FirebaseFunctions in Frameworks */,
				BA56C53E2BD2F807004EC61F /* Eureka in Frameworks */,
				ECB5A3762BD33568004FA99A /* FirebaseAnalyticsSwift in Frameworks */,
				ECB5A3722BD33568004FA99A /* FirebaseAnalytics in Frameworks */,
				BA56C5442BD2F8BF004EC61F /* DGCharts in Frameworks */,
				ECB5A3802BD33568004FA99A /* FirebaseAuthCombine-Community in Frameworks */,
				ECB5A37E2BD33568004FA99A /* FirebaseAuth in Frameworks */,
				ECB5A3922BD33568004FA99A /* FirebaseFunctionsCombine-Community in Frameworks */,
				ECB5A3822BD33568004FA99A /* FirebaseCrashlytics in Frameworks */,
				ECB5A3882BD33568004FA99A /* FirebaseDynamicLinks in Frameworks */,
				ECB5A3A42BD33568004FA99A /* FirebaseStorage in Frameworks */,
				ECB5A3942BD33568004FA99A /* FirebaseInAppMessaging-Beta in Frameworks */,
				ECB5A3A22BD33568004FA99A /* FirebaseRemoteConfigSwift in Frameworks */,
				ECB5A37C2BD33568004FA99A /* FirebaseAppDistribution-Beta in Frameworks */,
				ECB5A3A62BD33568004FA99A /* FirebaseStorageCombine-Community in Frameworks */,
				ECB5A37A2BD33568004FA99A /* FirebaseAppCheck in Frameworks */,
				ECB5A3842BD33568004FA99A /* FirebaseDatabase in Frameworks */,
				ECB5A3782BD33568004FA99A /* FirebaseAnalyticsWithoutAdIdSupport in Frameworks */,
			);
			runOnlyForDeploymentPostprocessing = 0;
		};
/* End PBXFrameworksBuildPhase section */

/* Begin PBXGroup section */
		3E58A2282BD0E832002E1610 /* MlModel */ = {
			isa = PBXGroup;
			children = (
				3E7AAD822BD12BBC0024262C /* LeagalApp.mlmodel */,
			);
			path = MlModel;
			sourceTree = "<group>";
		};
		805D17EF2BBF2702008BD46A /* ViewController */ = {
			isa = PBXGroup;
			children = (
				805D17EB2BBF26F0008BD46A /* ForgotPasswordVC.swift */,
				805D17E92BBF26F0008BD46A /* LoginVC.swift */,
				805D17EA2BBF26F0008BD46A /* SignUpVC.swift */,
				80ACBA3F2BBED5B800B8F54B /* SettingVC.swift */,
				80ACBA412BBED62600B8F54B /* ProfileScoreVC.swift */,
				805D17D72BBEE3C9008BD46A /* PartyVC.swift */,
				805D17DB2BBEE3F1008BD46A /* ReportVC.swift */,
				805D17DD2BBEE5E1008BD46A /* CustomTableViewCell.swift */,
				805D17DF2BBEE77B008BD46A /* PartyDetailVC.swift */,
				805D17E12BBEEE42008BD46A /* CreateMatterVC.swift */,
				805D17E32BBEEF6F008BD46A /* MatterListVC.swift */,
				8033E35D2BC9715B00C50362 /* SplashVC.swift */,
				8033E3662BC9BB1500C50362 /* PartyTableViewCell.swift */,
				8033E3682BC9C3DB00C50362 /* MatterDetailVC.swift */,
				3E58A22D2BD0EFC0002E1610 /* CheckProfileVC.swift */,
			);
			path = ViewController;
			sourceTree = "<group>";
		};
		805D17F32BBF2729008BD46A /* FirebaseManager */ = {
			isa = PBXGroup;
			children = (
				805D17F02BBF2729008BD46A /* FireStoreManager.swift */,
				805D17F12BBF2729008BD46A /* ForgetPasswordManager.swift */,
				805D17F22BBF2729008BD46A /* UserDefaultsManager.swift */,
			);
			path = FirebaseManager;
			sourceTree = "<group>";
		};
		805D17FA2BBF273E008BD46A /* Model */ = {
			isa = PBXGroup;
			children = (
				805D17F72BBF273E008BD46A /* CaseDetail.swift */,
				805D17F92BBF273E008BD46A /* UserModel.swift */,
				8033E3642BC987EE00C50362 /* PartyDetail.swift */,
			);
			path = Model;
			sourceTree = "<group>";
		};
		805D18022BBF2756008BD46A /* Extension */ = {
			isa = PBXGroup;
			children = (
				805D18382BC0149E008BD46A /* UIViewControllerExt.swift */,
				805D17FE2BBF2756008BD46A /* ButtonExtension.swift */,
				805D17FF2BBF2756008BD46A /* ButtonWithShadow.swift */,
				805D18002BBF2756008BD46A /* DesignableView.swift */,
				805D18012BBF2756008BD46A /* Extensions.swift */,
				805D183A2BC015E4008BD46A /* GlobalPicker.swift */,
				805D183C2BC02B13008BD46A /* Color.swift */,
				8033E3592BC96DC300C50362 /* SplitViewControllerUtility.swift */,
			);
			path = Extension;
			sourceTree = "<group>";
		};
		805D180A2BBF277C008BD46A /* Extensions */ = {
			isa = PBXGroup;
			children = (
				805D18072BBF277C008BD46A /* CLLocationCoordinate2D.swift */,
				805D18082BBF277C008BD46A /* CLPlacemark.swift */,
				805D18092BBF277C008BD46A /* MKMapView.swift */,
			);
			path = Extensions;
			sourceTree = "<group>";
		};
		805D18112BBF277C008BD46A /* Objects */ = {
			isa = PBXGroup;
			children = (
				805D180B2BBF277C008BD46A /* BottomSheetView.swift */,
				805D180C2BBF277C008BD46A /* MapItemTableViewCell.swift */,
				805D180D2BBF277C008BD46A /* MapItemTableViewCell.xib */,
				805D180E2BBF277C008BD46A /* MapTabsView.swift */,
				805D180F2BBF277C008BD46A /* SearchCompletionTableViewCell.swift */,
				805D18102BBF277C008BD46A /* SearchCompletionTableViewCell.xib */,
			);
			path = Objects;
			sourceTree = "<group>";
		};
		805D18132BBF277C008BD46A /* Resources */ = {
			isa = PBXGroup;
			children = (
				805D18122BBF277C008BD46A /* Material.xcassets */,
			);
			path = Resources;
			sourceTree = "<group>";
		};
		805D18162BBF277C008BD46A /* Map */ = {
			isa = PBXGroup;
			children = (
				805D180A2BBF277C008BD46A /* Extensions */,
				805D18112BBF277C008BD46A /* Objects */,
				805D18132BBF277C008BD46A /* Resources */,
				805D18142BBF277C008BD46A /* MapKitSearchViewController.swift */,
				805D18152BBF277C008BD46A /* MapKitSearchViewController.xib */,
			);
			path = Map;
			sourceTree = "<group>";
		};
		805D18172BBF277C008BD46A /* Map */ = {
			isa = PBXGroup;
			children = (
				805D18162BBF277C008BD46A /* Map */,
			);
			path = Map;
			sourceTree = "<group>";
		};
		80ACBA192BBDD70800B8F54B = {
			isa = PBXGroup;
			children = (
				80ACBA242BBDD70800B8F54B /* LMCS */,
				80ACBA232BBDD70800B8F54B /* Products */,
			);
			sourceTree = "<group>";
		};
		80ACBA232BBDD70800B8F54B /* Products */ = {
			isa = PBXGroup;
			children = (
				80ACBA222BBDD70800B8F54B /* LMCS.app */,
			);
			name = Products;
			sourceTree = "<group>";
		};
		80ACBA242BBDD70800B8F54B /* LMCS */ = {
			isa = PBXGroup;
			children = (
				3E58A2282BD0E832002E1610 /* MlModel */,
				805D18172BBF277C008BD46A /* Map */,
				805D18022BBF2756008BD46A /* Extension */,
				805D17FA2BBF273E008BD46A /* Model */,
				805D17F32BBF2729008BD46A /* FirebaseManager */,
				805D17EF2BBF2702008BD46A /* ViewController */,
				80ACBA252BBDD70800B8F54B /* AppDelegate.swift */,
				80ACBA272BBDD70800B8F54B /* SceneDelegate.swift */,
				80ACBA2B2BBDD70800B8F54B /* Main.storyboard */,
				80ACBA2E2BBDD70900B8F54B /* Assets.xcassets */,
				80ACBA302BBDD70900B8F54B /* LaunchScreen.storyboard */,
				80ACBA332BBDD70900B8F54B /* Info.plist */,
				805D18362BC00B68008BD46A /* GoogleService-Info.plist */,
			);
			path = LMCS;
			sourceTree = "<group>";
		};
/* End PBXGroup section */

/* Begin PBXNativeTarget section */
		80ACBA212BBDD70800B8F54B /* LMCS */ = {
			isa = PBXNativeTarget;
			buildConfigurationList = 80ACBA362BBDD70900B8F54B /* Build configuration list for PBXNativeTarget "LMCS" */;
			buildPhases = (
				80ACBA1E2BBDD70800B8F54B /* Sources */,
				80ACBA1F2BBDD70800B8F54B /* Frameworks */,
				80ACBA202BBDD70800B8F54B /* Resources */,
			);
			buildRules = (
			);
			dependencies = (
			);
			name = LMCS;
			packageProductDependencies = (
				BA56C53D2BD2F807004EC61F /* Eureka */,
				BA56C5432BD2F8BF004EC61F /* DGCharts */,
				BA56C5452BD2F8BF004EC61F /* DGChartsDynamic */,
				ECB5A3712BD33568004FA99A /* FirebaseAnalytics */,
				ECB5A3732BD33568004FA99A /* FirebaseAnalyticsOnDeviceConversion */,
				ECB5A3752BD33568004FA99A /* FirebaseAnalyticsSwift */,
				ECB5A3772BD33568004FA99A /* FirebaseAnalyticsWithoutAdIdSupport */,
				ECB5A3792BD33568004FA99A /* FirebaseAppCheck */,
				ECB5A37B2BD33568004FA99A /* FirebaseAppDistribution-Beta */,
				ECB5A37D2BD33568004FA99A /* FirebaseAuth */,
				ECB5A37F2BD33568004FA99A /* FirebaseAuthCombine-Community */,
				ECB5A3812BD33568004FA99A /* FirebaseCrashlytics */,
				ECB5A3832BD33568004FA99A /* FirebaseDatabase */,
				ECB5A3852BD33568004FA99A /* FirebaseDatabaseSwift */,
				ECB5A3872BD33568004FA99A /* FirebaseDynamicLinks */,
				ECB5A3892BD33568004FA99A /* FirebaseFirestore */,
				ECB5A38B2BD33568004FA99A /* FirebaseFirestoreCombine-Community */,
				ECB5A38D2BD33568004FA99A /* FirebaseFirestoreSwift */,
				ECB5A38F2BD33568004FA99A /* FirebaseFunctions */,
				ECB5A3912BD33568004FA99A /* FirebaseFunctionsCombine-Community */,
				ECB5A3932BD33568004FA99A /* FirebaseInAppMessaging-Beta */,
				ECB5A3952BD33568004FA99A /* FirebaseInAppMessagingSwift-Beta */,
				ECB5A3972BD33568004FA99A /* FirebaseInstallations */,
				ECB5A3992BD33568004FA99A /* FirebaseMLModelDownloader */,
				ECB5A39B2BD33568004FA99A /* FirebaseMessaging */,
				ECB5A39D2BD33568004FA99A /* FirebasePerformance */,
				ECB5A39F2BD33568004FA99A /* FirebaseRemoteConfig */,
				ECB5A3A12BD33568004FA99A /* FirebaseRemoteConfigSwift */,
				ECB5A3A32BD33568004FA99A /* FirebaseStorage */,
				ECB5A3A52BD33568004FA99A /* FirebaseStorageCombine-Community */,
				ECB5A3A82BD335F4004FA99A /* Lottie */,
			);
			productName = LMCS;
			productReference = 80ACBA222BBDD70800B8F54B /* LMCS.app */;
			productType = "com.apple.product-type.application";
		};
/* End PBXNativeTarget section */

/* Begin PBXProject section */
		80ACBA1A2BBDD70800B8F54B /* Project object */ = {
			isa = PBXProject;
			attributes = {
				BuildIndependentTargetsInParallel = 1;
				LastSwiftUpdateCheck = 1530;
				LastUpgradeCheck = 1530;
				TargetAttributes = {
					80ACBA212BBDD70800B8F54B = {
						CreatedOnToolsVersion = 15.3;
					};
				};
			};
			buildConfigurationList = 80ACBA1D2BBDD70800B8F54B /* Build configuration list for PBXProject "LMCS" */;
			compatibilityVersion = "Xcode 14.0";
			developmentRegion = en;
			hasScannedForEncodings = 0;
			knownRegions = (
				en,
				Base,
			);
			mainGroup = 80ACBA192BBDD70800B8F54B;
			packageReferences = (
				BA56C53C2BD2F807004EC61F /* XCRemoteSwiftPackageReference "Eureka" */,
				BA56C5422BD2F8BF004EC61F /* XCRemoteSwiftPackageReference "charts" */,
				ECB5A3702BD33568004FA99A /* XCRemoteSwiftPackageReference "firebase-ios-sdk" */,
				ECB5A3A72BD335F4004FA99A /* XCRemoteSwiftPackageReference "lottie-ios" */,
			);
			productRefGroup = 80ACBA232BBDD70800B8F54B /* Products */;
			projectDirPath = "";
			projectRoot = "";
			targets = (
				80ACBA212BBDD70800B8F54B /* LMCS */,
			);
		};
/* End PBXProject section */

/* Begin PBXResourcesBuildPhase section */
		80ACBA202BBDD70800B8F54B /* Resources */ = {
			isa = PBXResourcesBuildPhase;
			buildActionMask = 2147483647;
			files = (
				805D18232BBF277C008BD46A /* MapKitSearchViewController.xib in Resources */,
				80ACBA2F2BBDD70900B8F54B /* Assets.xcassets in Resources */,
				805D181D2BBF277C008BD46A /* MapItemTableViewCell.xib in Resources */,
				805D18212BBF277C008BD46A /* Material.xcassets in Resources */,
				805D18372BC00B68008BD46A /* GoogleService-Info.plist in Resources */,
				80ACBA322BBDD70900B8F54B /* Base in Resources */,
				805D18202BBF277C008BD46A /* SearchCompletionTableViewCell.xib in Resources */,
				80ACBA2D2BBDD70800B8F54B /* Base in Resources */,
			);
			runOnlyForDeploymentPostprocessing = 0;
		};
/* End PBXResourcesBuildPhase section */

/* Begin PBXSourcesBuildPhase section */
		80ACBA1E2BBDD70800B8F54B /* Sources */ = {
			isa = PBXSourcesBuildPhase;
			buildActionMask = 2147483647;
			files = (
				805D17E42BBEEF6F008BD46A /* MatterListVC.swift in Sources */,
				805D18392BC0149E008BD46A /* UIViewControllerExt.swift in Sources */,
				80ACBA402BBED5B800B8F54B /* SettingVC.swift in Sources */,
				8033E35A2BC96DC300C50362 /* SplitViewControllerUtility.swift in Sources */,
				3E58A22E2BD0EFC0002E1610 /* CheckProfileVC.swift in Sources */,
				805D17E02BBEE77B008BD46A /* PartyDetailVC.swift in Sources */,
				8033E35E2BC9715B00C50362 /* SplashVC.swift in Sources */,
				805D17F52BBF2729008BD46A /* ForgetPasswordManager.swift in Sources */,
				805D183B2BC015E5008BD46A /* GlobalPicker.swift in Sources */,
				805D17FB2BBF273E008BD46A /* CaseDetail.swift in Sources */,
				805D183D2BC02B13008BD46A /* Color.swift in Sources */,
				805D17DC2BBEE3F1008BD46A /* ReportVC.swift in Sources */,
				805D17FD2BBF273E008BD46A /* UserModel.swift in Sources */,
				3E7AAD832BD12BBC0024262C /* LeagalApp.mlmodel in Sources */,
				805D17DE2BBEE5E1008BD46A /* CustomTableViewCell.swift in Sources */,
				805D18222BBF277C008BD46A /* MapKitSearchViewController.swift in Sources */,
				80ACBA422BBED62600B8F54B /* ProfileScoreVC.swift in Sources */,
				805D17EC2BBF26F0008BD46A /* LoginVC.swift in Sources */,
				80ACBA262BBDD70800B8F54B /* AppDelegate.swift in Sources */,
				80ACBA282BBDD70800B8F54B /* SceneDelegate.swift in Sources */,
				805D18182BBF277C008BD46A /* CLLocationCoordinate2D.swift in Sources */,
				805D17E22BBEEE42008BD46A /* CreateMatterVC.swift in Sources */,
				805D18032BBF2756008BD46A /* ButtonExtension.swift in Sources */,
				805D181F2BBF277C008BD46A /* SearchCompletionTableViewCell.swift in Sources */,
				805D181A2BBF277C008BD46A /* MKMapView.swift in Sources */,
				805D18192BBF277C008BD46A /* CLPlacemark.swift in Sources */,
				805D17EE2BBF26F0008BD46A /* ForgotPasswordVC.swift in Sources */,
				805D17D82BBEE3C9008BD46A /* PartyVC.swift in Sources */,
				805D181E2BBF277C008BD46A /* MapTabsView.swift in Sources */,
				805D17F62BBF2729008BD46A /* UserDefaultsManager.swift in Sources */,
				805D181B2BBF277C008BD46A /* BottomSheetView.swift in Sources */,
				805D17ED2BBF26F0008BD46A /* SignUpVC.swift in Sources */,
				8033E3672BC9BB1500C50362 /* PartyTableViewCell.swift in Sources */,
				805D17F42BBF2729008BD46A /* FireStoreManager.swift in Sources */,
				8033E3692BC9C3DB00C50362 /* MatterDetailVC.swift in Sources */,
				805D18042BBF2756008BD46A /* ButtonWithShadow.swift in Sources */,
				805D18052BBF2756008BD46A /* DesignableView.swift in Sources */,
				805D181C2BBF277C008BD46A /* MapItemTableViewCell.swift in Sources */,
				805D18062BBF2756008BD46A /* Extensions.swift in Sources */,
				8033E3652BC987EE00C50362 /* PartyDetail.swift in Sources */,
			);
			runOnlyForDeploymentPostprocessing = 0;
		};
/* End PBXSourcesBuildPhase section */

/* Begin PBXVariantGroup section */
		80ACBA2B2BBDD70800B8F54B /* Main.storyboard */ = {
			isa = PBXVariantGroup;
			children = (
				80ACBA2C2BBDD70800B8F54B /* Base */,
			);
			name = Main.storyboard;
			sourceTree = "<group>";
		};
		80ACBA302BBDD70900B8F54B /* LaunchScreen.storyboard */ = {
			isa = PBXVariantGroup;
			children = (
				80ACBA312BBDD70900B8F54B /* Base */,
			);
			name = LaunchScreen.storyboard;
			sourceTree = "<group>";
		};
/* End PBXVariantGroup section */

/* Begin XCBuildConfiguration section */
		80ACBA342BBDD70900B8F54B /* Debug */ = {
			isa = XCBuildConfiguration;
			buildSettings = {
				ALWAYS_SEARCH_USER_PATHS = NO;
				ASSETCATALOG_COMPILER_GENERATE_SWIFT_ASSET_SYMBOL_EXTENSIONS = YES;
				CLANG_ANALYZER_NONNULL = YES;
				CLANG_ANALYZER_NUMBER_OBJECT_CONVERSION = YES_AGGRESSIVE;
				CLANG_CXX_LANGUAGE_STANDARD = "gnu++20";
				CLANG_ENABLE_MODULES = YES;
				CLANG_ENABLE_OBJC_ARC = YES;
				CLANG_ENABLE_OBJC_WEAK = YES;
				CLANG_WARN_BLOCK_CAPTURE_AUTORELEASING = YES;
				CLANG_WARN_BOOL_CONVERSION = YES;
				CLANG_WARN_COMMA = YES;
				CLANG_WARN_CONSTANT_CONVERSION = YES;
				CLANG_WARN_DEPRECATED_OBJC_IMPLEMENTATIONS = YES;
				CLANG_WARN_DIRECT_OBJC_ISA_USAGE = YES_ERROR;
				CLANG_WARN_DOCUMENTATION_COMMENTS = YES;
				CLANG_WARN_EMPTY_BODY = YES;
				CLANG_WARN_ENUM_CONVERSION = YES;
				CLANG_WARN_INFINITE_RECURSION = YES;
				CLANG_WARN_INT_CONVERSION = YES;
				CLANG_WARN_NON_LITERAL_NULL_CONVERSION = YES;
				CLANG_WARN_OBJC_IMPLICIT_RETAIN_SELF = YES;
				CLANG_WARN_OBJC_LITERAL_CONVERSION = YES;
				CLANG_WARN_OBJC_ROOT_CLASS = YES_ERROR;
				CLANG_WARN_QUOTED_INCLUDE_IN_FRAMEWORK_HEADER = YES;
				CLANG_WARN_RANGE_LOOP_ANALYSIS = YES;
				CLANG_WARN_STRICT_PROTOTYPES = YES;
				CLANG_WARN_SUSPICIOUS_MOVE = YES;
				CLANG_WARN_UNGUARDED_AVAILABILITY = YES_AGGRESSIVE;
				CLANG_WARN_UNREACHABLE_CODE = YES;
				CLANG_WARN__DUPLICATE_METHOD_MATCH = YES;
				COPY_PHASE_STRIP = NO;
				DEBUG_INFORMATION_FORMAT = dwarf;
				ENABLE_STRICT_OBJC_MSGSEND = YES;
				ENABLE_TESTABILITY = YES;
				ENABLE_USER_SCRIPT_SANDBOXING = YES;
				GCC_C_LANGUAGE_STANDARD = gnu17;
				GCC_DYNAMIC_NO_PIC = NO;
				GCC_NO_COMMON_BLOCKS = YES;
				GCC_OPTIMIZATION_LEVEL = 0;
				GCC_PREPROCESSOR_DEFINITIONS = (
					"DEBUG=1",
					"$(inherited)",
				);
				GCC_WARN_64_TO_32_BIT_CONVERSION = YES;
				GCC_WARN_ABOUT_RETURN_TYPE = YES_ERROR;
				GCC_WARN_UNDECLARED_SELECTOR = YES;
				GCC_WARN_UNINITIALIZED_AUTOS = YES_AGGRESSIVE;
				GCC_WARN_UNUSED_FUNCTION = YES;
				GCC_WARN_UNUSED_VARIABLE = YES;
				IPHONEOS_DEPLOYMENT_TARGET = 17.4;
				LOCALIZATION_PREFERS_STRING_CATALOGS = YES;
				MTL_ENABLE_DEBUG_INFO = INCLUDE_SOURCE;
				MTL_FAST_MATH = YES;
				ONLY_ACTIVE_ARCH = YES;
				SDKROOT = iphoneos;
				SWIFT_ACTIVE_COMPILATION_CONDITIONS = "DEBUG $(inherited)";
				SWIFT_OPTIMIZATION_LEVEL = "-Onone";
			};
			name = Debug;
		};
		80ACBA352BBDD70900B8F54B /* Release */ = {
			isa = XCBuildConfiguration;
			buildSettings = {
				ALWAYS_SEARCH_USER_PATHS = NO;
				ASSETCATALOG_COMPILER_GENERATE_SWIFT_ASSET_SYMBOL_EXTENSIONS = YES;
				CLANG_ANALYZER_NONNULL = YES;
				CLANG_ANALYZER_NUMBER_OBJECT_CONVERSION = YES_AGGRESSIVE;
				CLANG_CXX_LANGUAGE_STANDARD = "gnu++20";
				CLANG_ENABLE_MODULES = YES;
				CLANG_ENABLE_OBJC_ARC = YES;
				CLANG_ENABLE_OBJC_WEAK = YES;
				CLANG_WARN_BLOCK_CAPTURE_AUTORELEASING = YES;
				CLANG_WARN_BOOL_CONVERSION = YES;
				CLANG_WARN_COMMA = YES;
				CLANG_WARN_CONSTANT_CONVERSION = YES;
				CLANG_WARN_DEPRECATED_OBJC_IMPLEMENTATIONS = YES;
				CLANG_WARN_DIRECT_OBJC_ISA_USAGE = YES_ERROR;
				CLANG_WARN_DOCUMENTATION_COMMENTS = YES;
				CLANG_WARN_EMPTY_BODY = YES;
				CLANG_WARN_ENUM_CONVERSION = YES;
				CLANG_WARN_INFINITE_RECURSION = YES;
				CLANG_WARN_INT_CONVERSION = YES;
				CLANG_WARN_NON_LITERAL_NULL_CONVERSION = YES;
				CLANG_WARN_OBJC_IMPLICIT_RETAIN_SELF = YES;
				CLANG_WARN_OBJC_LITERAL_CONVERSION = YES;
				CLANG_WARN_OBJC_ROOT_CLASS = YES_ERROR;
				CLANG_WARN_QUOTED_INCLUDE_IN_FRAMEWORK_HEADER = YES;
				CLANG_WARN_RANGE_LOOP_ANALYSIS = YES;
				CLANG_WARN_STRICT_PROTOTYPES = YES;
				CLANG_WARN_SUSPICIOUS_MOVE = YES;
				CLANG_WARN_UNGUARDED_AVAILABILITY = YES_AGGRESSIVE;
				CLANG_WARN_UNREACHABLE_CODE = YES;
				CLANG_WARN__DUPLICATE_METHOD_MATCH = YES;
				COPY_PHASE_STRIP = NO;
				DEBUG_INFORMATION_FORMAT = "dwarf-with-dsym";
				ENABLE_NS_ASSERTIONS = NO;
				ENABLE_STRICT_OBJC_MSGSEND = YES;
				ENABLE_USER_SCRIPT_SANDBOXING = YES;
				GCC_C_LANGUAGE_STANDARD = gnu17;
				GCC_NO_COMMON_BLOCKS = YES;
				GCC_WARN_64_TO_32_BIT_CONVERSION = YES;
				GCC_WARN_ABOUT_RETURN_TYPE = YES_ERROR;
				GCC_WARN_UNDECLARED_SELECTOR = YES;
				GCC_WARN_UNINITIALIZED_AUTOS = YES_AGGRESSIVE;
				GCC_WARN_UNUSED_FUNCTION = YES;
				GCC_WARN_UNUSED_VARIABLE = YES;
				IPHONEOS_DEPLOYMENT_TARGET = 17.4;
				LOCALIZATION_PREFERS_STRING_CATALOGS = YES;
				MTL_ENABLE_DEBUG_INFO = NO;
				MTL_FAST_MATH = YES;
				SDKROOT = iphoneos;
				SWIFT_COMPILATION_MODE = wholemodule;
				VALIDATE_PRODUCT = YES;
			};
			name = Release;
		};
		80ACBA372BBDD70900B8F54B /* Debug */ = {
			isa = XCBuildConfiguration;
			buildSettings = {
				ASSETCATALOG_COMPILER_APPICON_NAME = AppIcon;
				ASSETCATALOG_COMPILER_GLOBAL_ACCENT_COLOR_NAME = AccentColor;
				CODE_SIGN_STYLE = Automatic;
				CURRENT_PROJECT_VERSION = 1;
				GENERATE_INFOPLIST_FILE = YES;
				INFOPLIST_FILE = LMCS/Info.plist;
				INFOPLIST_KEY_UIApplicationSupportsIndirectInputEvents = YES;
				INFOPLIST_KEY_UILaunchStoryboardName = LaunchScreen;
				INFOPLIST_KEY_UIMainStoryboardFile = Main;
				INFOPLIST_KEY_UISupportedInterfaceOrientations_iPad = "UIInterfaceOrientationPortrait UIInterfaceOrientationPortraitUpsideDown UIInterfaceOrientationLandscapeLeft UIInterfaceOrientationLandscapeRight";
				INFOPLIST_KEY_UISupportedInterfaceOrientations_iPhone = "UIInterfaceOrientationPortrait UIInterfaceOrientationLandscapeLeft UIInterfaceOrientationLandscapeRight";
				LD_RUNPATH_SEARCH_PATHS = (
					"$(inherited)",
					"@executable_path/Frameworks",
				);
				MARKETING_VERSION = 1.0;
				PRODUCT_BUNDLE_IDENTIFIER = edu.nwmissouri.LMCS;
				PRODUCT_NAME = "$(TARGET_NAME)";
				SWIFT_EMIT_LOC_STRINGS = YES;
				SWIFT_VERSION = 5.0;
				TARGETED_DEVICE_FAMILY = "1,2";
			};
			name = Debug;
		};
		80ACBA382BBDD70900B8F54B /* Release */ = {
			isa = XCBuildConfiguration;
			buildSettings = {
				ASSETCATALOG_COMPILER_APPICON_NAME = AppIcon;
				ASSETCATALOG_COMPILER_GLOBAL_ACCENT_COLOR_NAME = AccentColor;
				CODE_SIGN_STYLE = Automatic;
				CURRENT_PROJECT_VERSION = 1;
				GENERATE_INFOPLIST_FILE = YES;
				INFOPLIST_FILE = LMCS/Info.plist;
				INFOPLIST_KEY_UIApplicationSupportsIndirectInputEvents = YES;
				INFOPLIST_KEY_UILaunchStoryboardName = LaunchScreen;
				INFOPLIST_KEY_UIMainStoryboardFile = Main;
				INFOPLIST_KEY_UISupportedInterfaceOrientations_iPad = "UIInterfaceOrientationPortrait UIInterfaceOrientationPortraitUpsideDown UIInterfaceOrientationLandscapeLeft UIInterfaceOrientationLandscapeRight";
				INFOPLIST_KEY_UISupportedInterfaceOrientations_iPhone = "UIInterfaceOrientationPortrait UIInterfaceOrientationLandscapeLeft UIInterfaceOrientationLandscapeRight";
				LD_RUNPATH_SEARCH_PATHS = (
					"$(inherited)",
					"@executable_path/Frameworks",
				);
				MARKETING_VERSION = 1.0;
				PRODUCT_BUNDLE_IDENTIFIER = edu.nwmissouri.LMCS;
				PRODUCT_NAME = "$(TARGET_NAME)";
				SWIFT_EMIT_LOC_STRINGS = YES;
				SWIFT_VERSION = 5.0;
				TARGETED_DEVICE_FAMILY = "1,2";
			};
			name = Release;
		};
/* End XCBuildConfiguration section */

/* Begin XCConfigurationList section */
		80ACBA1D2BBDD70800B8F54B /* Build configuration list for PBXProject "LMCS" */ = {
			isa = XCConfigurationList;
			buildConfigurations = (
				80ACBA342BBDD70900B8F54B /* Debug */,
				80ACBA352BBDD70900B8F54B /* Release */,
			);
			defaultConfigurationIsVisible = 0;
			defaultConfigurationName = Release;
		};
		80ACBA362BBDD70900B8F54B /* Build configuration list for PBXNativeTarget "LMCS" */ = {
			isa = XCConfigurationList;
			buildConfigurations = (
				80ACBA372BBDD70900B8F54B /* Debug */,
				80ACBA382BBDD70900B8F54B /* Release */,
			);
			defaultConfigurationIsVisible = 0;
			defaultConfigurationName = Release;
		};
/* End XCConfigurationList section */

/* Begin XCRemoteSwiftPackageReference section */
		BA56C53C2BD2F807004EC61F /* XCRemoteSwiftPackageReference "Eureka" */ = {
			isa = XCRemoteSwiftPackageReference;
			repositoryURL = "https://github.com/xmartlabs/Eureka.git";
			requirement = {
				kind = upToNextMajorVersion;
				minimumVersion = 5.4.0;
			};
		};
		BA56C5422BD2F8BF004EC61F /* XCRemoteSwiftPackageReference "charts" */ = {
			isa = XCRemoteSwiftPackageReference;
			repositoryURL = "https://github.com/danielgindi/charts";
			requirement = {
				kind = upToNextMajorVersion;
				minimumVersion = 5.1.0;
			};
		};
		ECB5A3702BD33568004FA99A /* XCRemoteSwiftPackageReference "firebase-ios-sdk" */ = {
			isa = XCRemoteSwiftPackageReference;
			repositoryURL = "https://github.com/firebase/firebase-ios-sdk.git";
			requirement = {
				kind = upToNextMajorVersion;
				minimumVersion = 10.24.0;
			};
		};
		ECB5A3A72BD335F4004FA99A /* XCRemoteSwiftPackageReference "lottie-ios" */ = {
			isa = XCRemoteSwiftPackageReference;
			repositoryURL = "https://github.com/airbnb/lottie-ios.git";
			requirement = {
				kind = upToNextMajorVersion;
				minimumVersion = 4.4.3;
			};
		};
/* End XCRemoteSwiftPackageReference section */

/* Begin XCSwiftPackageProductDependency section */
		BA56C53D2BD2F807004EC61F /* Eureka */ = {
			isa = XCSwiftPackageProductDependency;
			package = BA56C53C2BD2F807004EC61F /* XCRemoteSwiftPackageReference "Eureka" */;
			productName = Eureka;
		};
		BA56C5432BD2F8BF004EC61F /* DGCharts */ = {
			isa = XCSwiftPackageProductDependency;
			package = BA56C5422BD2F8BF004EC61F /* XCRemoteSwiftPackageReference "charts" */;
			productName = DGCharts;
		};
		BA56C5452BD2F8BF004EC61F /* DGChartsDynamic */ = {
			isa = XCSwiftPackageProductDependency;
			package = BA56C5422BD2F8BF004EC61F /* XCRemoteSwiftPackageReference "charts" */;
			productName = DGChartsDynamic;
		};
		ECB5A3712BD33568004FA99A /* FirebaseAnalytics */ = {
			isa = XCSwiftPackageProductDependency;
			package = ECB5A3702BD33568004FA99A /* XCRemoteSwiftPackageReference "firebase-ios-sdk" */;
			productName = FirebaseAnalytics;
		};
		ECB5A3732BD33568004FA99A /* FirebaseAnalyticsOnDeviceConversion */ = {
			isa = XCSwiftPackageProductDependency;
			package = ECB5A3702BD33568004FA99A /* XCRemoteSwiftPackageReference "firebase-ios-sdk" */;
			productName = FirebaseAnalyticsOnDeviceConversion;
		};
		ECB5A3752BD33568004FA99A /* FirebaseAnalyticsSwift */ = {
			isa = XCSwiftPackageProductDependency;
			package = ECB5A3702BD33568004FA99A /* XCRemoteSwiftPackageReference "firebase-ios-sdk" */;
			productName = FirebaseAnalyticsSwift;
		};
		ECB5A3772BD33568004FA99A /* FirebaseAnalyticsWithoutAdIdSupport */ = {
			isa = XCSwiftPackageProductDependency;
			package = ECB5A3702BD33568004FA99A /* XCRemoteSwiftPackageReference "firebase-ios-sdk" */;
			productName = FirebaseAnalyticsWithoutAdIdSupport;
		};
		ECB5A3792BD33568004FA99A /* FirebaseAppCheck */ = {
			isa = XCSwiftPackageProductDependency;
			package = ECB5A3702BD33568004FA99A /* XCRemoteSwiftPackageReference "firebase-ios-sdk" */;
			productName = FirebaseAppCheck;
		};
		ECB5A37B2BD33568004FA99A /* FirebaseAppDistribution-Beta */ = {
			isa = XCSwiftPackageProductDependency;
			package = ECB5A3702BD33568004FA99A /* XCRemoteSwiftPackageReference "firebase-ios-sdk" */;
			productName = "FirebaseAppDistribution-Beta";
		};
		ECB5A37D2BD33568004FA99A /* FirebaseAuth */ = {
			isa = XCSwiftPackageProductDependency;
			package = ECB5A3702BD33568004FA99A /* XCRemoteSwiftPackageReference "firebase-ios-sdk" */;
			productName = FirebaseAuth;
		};
		ECB5A37F2BD33568004FA99A /* FirebaseAuthCombine-Community */ = {
			isa = XCSwiftPackageProductDependency;
			package = ECB5A3702BD33568004FA99A /* XCRemoteSwiftPackageReference "firebase-ios-sdk" */;
			productName = "FirebaseAuthCombine-Community";
		};
		ECB5A3812BD33568004FA99A /* FirebaseCrashlytics */ = {
			isa = XCSwiftPackageProductDependency;
			package = ECB5A3702BD33568004FA99A /* XCRemoteSwiftPackageReference "firebase-ios-sdk" */;
			productName = FirebaseCrashlytics;
		};
		ECB5A3832BD33568004FA99A /* FirebaseDatabase */ = {
			isa = XCSwiftPackageProductDependency;
			package = ECB5A3702BD33568004FA99A /* XCRemoteSwiftPackageReference "firebase-ios-sdk" */;
			productName = FirebaseDatabase;
		};
		ECB5A3852BD33568004FA99A /* FirebaseDatabaseSwift */ = {
			isa = XCSwiftPackageProductDependency;
			package = ECB5A3702BD33568004FA99A /* XCRemoteSwiftPackageReference "firebase-ios-sdk" */;
			productName = FirebaseDatabaseSwift;
		};
		ECB5A3872BD33568004FA99A /* FirebaseDynamicLinks */ = {
			isa = XCSwiftPackageProductDependency;
			package = ECB5A3702BD33568004FA99A /* XCRemoteSwiftPackageReference "firebase-ios-sdk" */;
			productName = FirebaseDynamicLinks;
		};
		ECB5A3892BD33568004FA99A /* FirebaseFirestore */ = {
			isa = XCSwiftPackageProductDependency;
			package = ECB5A3702BD33568004FA99A /* XCRemoteSwiftPackageReference "firebase-ios-sdk" */;
			productName = FirebaseFirestore;
		};
		ECB5A38B2BD33568004FA99A /* FirebaseFirestoreCombine-Community */ = {
			isa = XCSwiftPackageProductDependency;
			package = ECB5A3702BD33568004FA99A /* XCRemoteSwiftPackageReference "firebase-ios-sdk" */;
			productName = "FirebaseFirestoreCombine-Community";
		};
		ECB5A38D2BD33568004FA99A /* FirebaseFirestoreSwift */ = {
			isa = XCSwiftPackageProductDependency;
			package = ECB5A3702BD33568004FA99A /* XCRemoteSwiftPackageReference "firebase-ios-sdk" */;
			productName = FirebaseFirestoreSwift;
		};
		ECB5A38F2BD33568004FA99A /* FirebaseFunctions */ = {
			isa = XCSwiftPackageProductDependency;
			package = ECB5A3702BD33568004FA99A /* XCRemoteSwiftPackageReference "firebase-ios-sdk" */;
			productName = FirebaseFunctions;
		};
		ECB5A3912BD33568004FA99A /* FirebaseFunctionsCombine-Community */ = {
			isa = XCSwiftPackageProductDependency;
			package = ECB5A3702BD33568004FA99A /* XCRemoteSwiftPackageReference "firebase-ios-sdk" */;
			productName = "FirebaseFunctionsCombine-Community";
		};
		ECB5A3932BD33568004FA99A /* FirebaseInAppMessaging-Beta */ = {
			isa = XCSwiftPackageProductDependency;
			package = ECB5A3702BD33568004FA99A /* XCRemoteSwiftPackageReference "firebase-ios-sdk" */;
			productName = "FirebaseInAppMessaging-Beta";
		};
		ECB5A3952BD33568004FA99A /* FirebaseInAppMessagingSwift-Beta */ = {
			isa = XCSwiftPackageProductDependency;
			package = ECB5A3702BD33568004FA99A /* XCRemoteSwiftPackageReference "firebase-ios-sdk" */;
			productName = "FirebaseInAppMessagingSwift-Beta";
		};
		ECB5A3972BD33568004FA99A /* FirebaseInstallations */ = {
			isa = XCSwiftPackageProductDependency;
			package = ECB5A3702BD33568004FA99A /* XCRemoteSwiftPackageReference "firebase-ios-sdk" */;
			productName = FirebaseInstallations;
		};
		ECB5A3992BD33568004FA99A /* FirebaseMLModelDownloader */ = {
			isa = XCSwiftPackageProductDependency;
			package = ECB5A3702BD33568004FA99A /* XCRemoteSwiftPackageReference "firebase-ios-sdk" */;
			productName = FirebaseMLModelDownloader;
		};
		ECB5A39B2BD33568004FA99A /* FirebaseMessaging */ = {
			isa = XCSwiftPackageProductDependency;
			package = ECB5A3702BD33568004FA99A /* XCRemoteSwiftPackageReference "firebase-ios-sdk" */;
			productName = FirebaseMessaging;
		};
		ECB5A39D2BD33568004FA99A /* FirebasePerformance */ = {
			isa = XCSwiftPackageProductDependency;
			package = ECB5A3702BD33568004FA99A /* XCRemoteSwiftPackageReference "firebase-ios-sdk" */;
			productName = FirebasePerformance;
		};
		ECB5A39F2BD33568004FA99A /* FirebaseRemoteConfig */ = {
			isa = XCSwiftPackageProductDependency;
			package = ECB5A3702BD33568004FA99A /* XCRemoteSwiftPackageReference "firebase-ios-sdk" */;
			productName = FirebaseRemoteConfig;
		};
		ECB5A3A12BD33568004FA99A /* FirebaseRemoteConfigSwift */ = {
			isa = XCSwiftPackageProductDependency;
			package = ECB5A3702BD33568004FA99A /* XCRemoteSwiftPackageReference "firebase-ios-sdk" */;
			productName = FirebaseRemoteConfigSwift;
		};
		ECB5A3A32BD33568004FA99A /* FirebaseStorage */ = {
			isa = XCSwiftPackageProductDependency;
			package = ECB5A3702BD33568004FA99A /* XCRemoteSwiftPackageReference "firebase-ios-sdk" */;
			productName = FirebaseStorage;
		};
		ECB5A3A52BD33568004FA99A /* FirebaseStorageCombine-Community */ = {
			isa = XCSwiftPackageProductDependency;
			package = ECB5A3702BD33568004FA99A /* XCRemoteSwiftPackageReference "firebase-ios-sdk" */;
			productName = "FirebaseStorageCombine-Community";
		};
		ECB5A3A82BD335F4004FA99A /* Lottie */ = {
			isa = XCSwiftPackageProductDependency;
			package = ECB5A3A72BD335F4004FA99A /* XCRemoteSwiftPackageReference "lottie-ios" */;
			productName = Lottie;
		};
/* End XCSwiftPackageProductDependency section */
	};
	rootObject = 80ACBA1A2BBDD70800B8F54B /* Project object */;
}
